
Microsoft Visual Studio Solution File, Format Version 12.00
# Visual Studio Version 17
VisualStudioVersion = 17.1.32228.430
MinimumVisualStudioVersion = 10.0.40219.1
Project("{FAE04EC0-301F-11D3-BF4B-00C04F79EFBC}") = "ExercicioFixacaoComposicao", "ExercicioFixacaoComposicao\ExercicioFixacaoComposicao.csproj", "{F4C79DEB-8DF0-4429-8A4D-8EE889B43E27}"
EndProject
Global
	GlobalSection(SolutionConfigurationPlatforms) = preSolution
		Debug|Any CPU = Debug|Any CPU
		Release|Any CPU = Release|Any CPU
	EndGlobalSection
	GlobalSection(ProjectConfigurationPlatforms) = postSolution
		{F4C79DEB-8DF0-4429-8A4D-8EE889B43E27}.Debug|Any CPU.ActiveCfg = Debug|Any CPU
		{F4C79DEB-8DF0-4429-8A4D-8EE889B43E27}.Debug|Any CPU.Build.0 = Debug|Any CPU
		{F4C79DEB-8DF0-4429-8A4D-8EE889B43E27}.Release|Any CPU.ActiveCfg = Release|Any CPU
		{F4C79DEB-8DF0-4429-8A4D-8EE889B43E27}.Release|Any CPU.Build.0 = Release|Any CPU
	EndGlobalSection
	GlobalSection(SolutionProperties) = preSolution
		HideSolutionNode = FALSE
	EndGlobalSection
	GlobalSection(ExtensibilityGlobals) = postSolution
		SolutionGuid = {9900371C-6D8C-44F4-B524-1E52CDE5FF8A}
	EndGlobalSection
EndGlobal
