
Microsoft Visual Studio Solution File, Format Version 12.00
# Visual Studio Version 17
VisualStudioVersion = 17.1.32228.430
MinimumVisualStudioVersion = 10.0.40219.1
Project("{FAE04EC0-301F-11D3-BF4B-00C04F79EFBC}") = "ExercicioFixacaoOO", "ExercicioFixacaoOO\ExercicioFixacaoOO.csproj", "{FABEF809-637D-4749-A760-B6D78CEACC0A}"
EndProject
Global
	GlobalSection(SolutionConfigurationPlatforms) = preSolution
		Debug|Any CPU = Debug|Any CPU
		Release|Any CPU = Release|Any CPU
	EndGlobalSection
	GlobalSection(ProjectConfigurationPlatforms) = postSolution
		{FABEF809-637D-4749-A760-B6D78CEACC0A}.Debug|Any CPU.ActiveCfg = Debug|Any CPU
		{FABEF809-637D-4749-A760-B6D78CEACC0A}.Debug|Any CPU.Build.0 = Debug|Any CPU
		{FABEF809-637D-4749-A760-B6D78CEACC0A}.Release|Any CPU.ActiveCfg = Release|Any CPU
		{FABEF809-637D-4749-A760-B6D78CEACC0A}.Release|Any CPU.Build.0 = Release|Any CPU
	EndGlobalSection
	GlobalSection(SolutionProperties) = preSolution
		HideSolutionNode = FALSE
	EndGlobalSection
	GlobalSection(ExtensibilityGlobals) = postSolution
		SolutionGuid = {FEDCEBF3-984A-4F28-91B2-EA3D0060DC4B}
	EndGlobalSection
EndGlobal
