
Microsoft Visual Studio Solution File, Format Version 12.00
# Visual Studio Version 17
VisualStudioVersion = 17.1.32228.430
MinimumVisualStudioVersion = 10.0.40219.1
Project("{FAE04EC0-301F-11D3-BF4B-00C04F79EFBC}") = "ExercicioDeFixacao", "ExercicioDeFixacao\ExercicioDeFixacao.csproj", "{BF9FD20A-60A8-4B8A-9DED-333E9A14FAB1}"
EndProject
Global
	GlobalSection(SolutionConfigurationPlatforms) = preSolution
		Debug|Any CPU = Debug|Any CPU
		Release|Any CPU = Release|Any CPU
	EndGlobalSection
	GlobalSection(ProjectConfigurationPlatforms) = postSolution
		{BF9FD20A-60A8-4B8A-9DED-333E9A14FAB1}.Debug|Any CPU.ActiveCfg = Debug|Any CPU
		{BF9FD20A-60A8-4B8A-9DED-333E9A14FAB1}.Debug|Any CPU.Build.0 = Debug|Any CPU
		{BF9FD20A-60A8-4B8A-9DED-333E9A14FAB1}.Release|Any CPU.ActiveCfg = Release|Any CPU
		{BF9FD20A-60A8-4B8A-9DED-333E9A14FAB1}.Release|Any CPU.Build.0 = Release|Any CPU
	EndGlobalSection
	GlobalSection(SolutionProperties) = preSolution
		HideSolutionNode = FALSE
	EndGlobalSection
	GlobalSection(ExtensibilityGlobals) = postSolution
		SolutionGuid = {212B8015-41CF-48A9-9164-18983229E29F}
	EndGlobalSection
EndGlobal
