
Microsoft Visual Studio Solution File, Format Version 12.00
# Visual Studio Version 17
VisualStudioVersion = 17.1.32228.430
MinimumVisualStudioVersion = 10.0.40219.1
Project("{FAE04EC0-301F-11D3-BF4B-00C04F79EFBC}") = "RefOut", "RefOut\RefOut.csproj", "{E65BC487-8284-45B0-9EFF-1898CB3BAFC5}"
EndProject
Global
	GlobalSection(SolutionConfigurationPlatforms) = preSolution
		Debug|Any CPU = Debug|Any CPU
		Release|Any CPU = Release|Any CPU
	EndGlobalSection
	GlobalSection(ProjectConfigurationPlatforms) = postSolution
		{E65BC487-8284-45B0-9EFF-1898CB3BAFC5}.Debug|Any CPU.ActiveCfg = Debug|Any CPU
		{E65BC487-8284-45B0-9EFF-1898CB3BAFC5}.Debug|Any CPU.Build.0 = Debug|Any CPU
		{E65BC487-8284-45B0-9EFF-1898CB3BAFC5}.Release|Any CPU.ActiveCfg = Release|Any CPU
		{E65BC487-8284-45B0-9EFF-1898CB3BAFC5}.Release|Any CPU.Build.0 = Release|Any CPU
	EndGlobalSection
	GlobalSection(SolutionProperties) = preSolution
		HideSolutionNode = FALSE
	EndGlobalSection
	GlobalSection(ExtensibilityGlobals) = postSolution
		SolutionGuid = {F945DF3E-B388-4057-95A6-96C4A86FC72B}
	EndGlobalSection
EndGlobal
