
Microsoft Visual Studio Solution File, Format Version 12.00
# Visual Studio Version 17
VisualStudioVersion = 17.1.32328.378
MinimumVisualStudioVersion = 10.0.40219.1
Project("{FAE04EC0-301F-11D3-BF4B-00C04F79EFBC}") = "ConsoleApp1", "ConsoleApp1\ConsoleApp1.csproj", "{AFB158FC-CEC1-44D4-A46B-58047C53BF92}"
EndProject
Global
	GlobalSection(SolutionConfigurationPlatforms) = preSolution
		Debug|Any CPU = Debug|Any CPU
		Release|Any CPU = Release|Any CPU
	EndGlobalSection
	GlobalSection(ProjectConfigurationPlatforms) = postSolution
		{AFB158FC-CEC1-44D4-A46B-58047C53BF92}.Debug|Any CPU.ActiveCfg = Debug|Any CPU
		{AFB158FC-CEC1-44D4-A46B-58047C53BF92}.Debug|Any CPU.Build.0 = Debug|Any CPU
		{AFB158FC-CEC1-44D4-A46B-58047C53BF92}.Release|Any CPU.ActiveCfg = Release|Any CPU
		{AFB158FC-CEC1-44D4-A46B-58047C53BF92}.Release|Any CPU.Build.0 = Release|Any CPU
	EndGlobalSection
	GlobalSection(SolutionProperties) = preSolution
		HideSolutionNode = FALSE
	EndGlobalSection
	GlobalSection(ExtensibilityGlobals) = postSolution
		SolutionGuid = {184B8367-A5D8-494F-87D9-99EFAB86F8F7}
	EndGlobalSection
EndGlobal
