
Microsoft Visual Studio Solution File, Format Version 12.00
# Visual Studio Version 17
VisualStudioVersion = 17.1.32328.378
MinimumVisualStudioVersion = 10.0.40219.1
Project("{FAE04EC0-301F-11D3-BF4B-00C04F79EFBC}") = "ManipularArquivos", "ManipularArquivos\ManipularArquivos.csproj", "{B782D632-E10F-4826-B699-9D17E6C20ED7}"
EndProject
Global
	GlobalSection(SolutionConfigurationPlatforms) = preSolution
		Debug|Any CPU = Debug|Any CPU
		Release|Any CPU = Release|Any CPU
	EndGlobalSection
	GlobalSection(ProjectConfigurationPlatforms) = postSolution
		{B782D632-E10F-4826-B699-9D17E6C20ED7}.Debug|Any CPU.ActiveCfg = Debug|Any CPU
		{B782D632-E10F-4826-B699-9D17E6C20ED7}.Debug|Any CPU.Build.0 = Debug|Any CPU
		{B782D632-E10F-4826-B699-9D17E6C20ED7}.Release|Any CPU.ActiveCfg = Release|Any CPU
		{B782D632-E10F-4826-B699-9D17E6C20ED7}.Release|Any CPU.Build.0 = Release|Any CPU
	EndGlobalSection
	GlobalSection(SolutionProperties) = preSolution
		HideSolutionNode = FALSE
	EndGlobalSection
	GlobalSection(ExtensibilityGlobals) = postSolution
		SolutionGuid = {461FD4E5-CCEA-4F54-BED9-9A3AB2BA7CC7}
	EndGlobalSection
EndGlobal
