
Microsoft Visual Studio Solution File, Format Version 12.00
# Visual Studio Version 17
VisualStudioVersion = 17.1.32228.430
MinimumVisualStudioVersion = 10.0.40219.1
Project("{FAE04EC0-301F-11D3-BF4B-00C04F79EFBC}") = "ExercicioFixacaoPoli", "ExercicioFixacaoPoli\ExercicioFixacaoPoli.csproj", "{66311C19-38F3-44F8-90AE-5BC5212A3479}"
EndProject
Global
	GlobalSection(SolutionConfigurationPlatforms) = preSolution
		Debug|Any CPU = Debug|Any CPU
		Release|Any CPU = Release|Any CPU
	EndGlobalSection
	GlobalSection(ProjectConfigurationPlatforms) = postSolution
		{66311C19-38F3-44F8-90AE-5BC5212A3479}.Debug|Any CPU.ActiveCfg = Debug|Any CPU
		{66311C19-38F3-44F8-90AE-5BC5212A3479}.Debug|Any CPU.Build.0 = Debug|Any CPU
		{66311C19-38F3-44F8-90AE-5BC5212A3479}.Release|Any CPU.ActiveCfg = Release|Any CPU
		{66311C19-38F3-44F8-90AE-5BC5212A3479}.Release|Any CPU.Build.0 = Release|Any CPU
	EndGlobalSection
	GlobalSection(SolutionProperties) = preSolution
		HideSolutionNode = FALSE
	EndGlobalSection
	GlobalSection(ExtensibilityGlobals) = postSolution
		SolutionGuid = {AADCD7DE-1D6A-4982-9253-F57AF250D426}
	EndGlobalSection
EndGlobal
