
Microsoft Visual Studio Solution File, Format Version 12.00
# Visual Studio Version 17
VisualStudioVersion = 17.1.32228.430
MinimumVisualStudioVersion = 10.0.40219.1
Project("{FAE04EC0-301F-11D3-BF4B-00C04F79EFBC}") = "Primeiro", "Primeiro\Primeiro.csproj", "{916720AB-8447-4029-9E2A-2E5D28663FC2}"
EndProject
Global
	GlobalSection(SolutionConfigurationPlatforms) = preSolution
		Debug|Any CPU = Debug|Any CPU
		Release|Any CPU = Release|Any CPU
	EndGlobalSection
	GlobalSection(ProjectConfigurationPlatforms) = postSolution
		{916720AB-8447-4029-9E2A-2E5D28663FC2}.Debug|Any CPU.ActiveCfg = Debug|Any CPU
		{916720AB-8447-4029-9E2A-2E5D28663FC2}.Debug|Any CPU.Build.0 = Debug|Any CPU
		{916720AB-8447-4029-9E2A-2E5D28663FC2}.Release|Any CPU.ActiveCfg = Release|Any CPU
		{916720AB-8447-4029-9E2A-2E5D28663FC2}.Release|Any CPU.Build.0 = Release|Any CPU
	EndGlobalSection
	GlobalSection(SolutionProperties) = preSolution
		HideSolutionNode = FALSE
	EndGlobalSection
	GlobalSection(ExtensibilityGlobals) = postSolution
		SolutionGuid = {BDC4CDE6-4BB8-4E87-AAE4-97E5FF8EB41C}
	EndGlobalSection
EndGlobal
