
Microsoft Visual Studio Solution File, Format Version 12.00
# Visual Studio Version 17
VisualStudioVersion = 17.1.32328.378
MinimumVisualStudioVersion = 10.0.40219.1
Project("{FAE04EC0-301F-11D3-BF4B-00C04F79EFBC}") = "AvaliacaoTecnica1VendasEComissao", "AvaliacaoTecnica1VendasEComissao\AvaliacaoTecnica1VendasEComissao.csproj", "{DF7BA17D-755B-4980-B864-8AD9515F6E2C}"
EndProject
Project("{9A19103F-16F7-4668-BE54-9A1E7A4F7556}") = "AvaliacaoTecnica2Jogo", "..\..\ProvaTecnica\AvaliacaoTecnica2Jogo\AvaliacaoTecnica2Jogo.csproj", "{BB91F4E9-BF6F-45A0-9498-96B0D0782EBF}"
EndProject
Project("{9A19103F-16F7-4668-BE54-9A1E7A4F7556}") = "AvaliacaoTecnica3Farmacia", "..\..\ProvaTecnica\AvaliacaoTecnica3Farmacia\AvaliacaoTecnica3Farmacia.csproj", "{EA880710-B7E3-471D-92CC-AF18F51B6E96}"
EndProject
Global
	GlobalSection(SolutionConfigurationPlatforms) = preSolution
		Debug|Any CPU = Debug|Any CPU
		Release|Any CPU = Release|Any CPU
	EndGlobalSection
	GlobalSection(ProjectConfigurationPlatforms) = postSolution
		{DF7BA17D-755B-4980-B864-8AD9515F6E2C}.Debug|Any CPU.ActiveCfg = Debug|Any CPU
		{DF7BA17D-755B-4980-B864-8AD9515F6E2C}.Debug|Any CPU.Build.0 = Debug|Any CPU
		{DF7BA17D-755B-4980-B864-8AD9515F6E2C}.Release|Any CPU.ActiveCfg = Release|Any CPU
		{DF7BA17D-755B-4980-B864-8AD9515F6E2C}.Release|Any CPU.Build.0 = Release|Any CPU
		{BB91F4E9-BF6F-45A0-9498-96B0D0782EBF}.Debug|Any CPU.ActiveCfg = Debug|Any CPU
		{BB91F4E9-BF6F-45A0-9498-96B0D0782EBF}.Debug|Any CPU.Build.0 = Debug|Any CPU
		{BB91F4E9-BF6F-45A0-9498-96B0D0782EBF}.Release|Any CPU.ActiveCfg = Release|Any CPU
		{BB91F4E9-BF6F-45A0-9498-96B0D0782EBF}.Release|Any CPU.Build.0 = Release|Any CPU
		{EA880710-B7E3-471D-92CC-AF18F51B6E96}.Debug|Any CPU.ActiveCfg = Debug|Any CPU
		{EA880710-B7E3-471D-92CC-AF18F51B6E96}.Debug|Any CPU.Build.0 = Debug|Any CPU
		{EA880710-B7E3-471D-92CC-AF18F51B6E96}.Release|Any CPU.ActiveCfg = Release|Any CPU
		{EA880710-B7E3-471D-92CC-AF18F51B6E96}.Release|Any CPU.Build.0 = Release|Any CPU
	EndGlobalSection
	GlobalSection(SolutionProperties) = preSolution
		HideSolutionNode = FALSE
	EndGlobalSection
	GlobalSection(ExtensibilityGlobals) = postSolution
		SolutionGuid = {5A0B114E-34BA-4814-A0A7-4D1315B83561}
	EndGlobalSection
EndGlobal
