
Microsoft Visual Studio Solution File, Format Version 12.00
# Visual Studio Version 17
VisualStudioVersion = 17.1.32228.430
MinimumVisualStudioVersion = 10.0.40219.1
Project("{FAE04EC0-301F-11D3-BF4B-00C04F79EFBC}") = "Heranca", "Heranca\Heranca.csproj", "{C15675CF-D9D2-4592-924D-297B4E7D4E10}"
EndProject
Global
	GlobalSection(SolutionConfigurationPlatforms) = preSolution
		Debug|Any CPU = Debug|Any CPU
		Release|Any CPU = Release|Any CPU
	EndGlobalSection
	GlobalSection(ProjectConfigurationPlatforms) = postSolution
		{C15675CF-D9D2-4592-924D-297B4E7D4E10}.Debug|Any CPU.ActiveCfg = Debug|Any CPU
		{C15675CF-D9D2-4592-924D-297B4E7D4E10}.Debug|Any CPU.Build.0 = Debug|Any CPU
		{C15675CF-D9D2-4592-924D-297B4E7D4E10}.Release|Any CPU.ActiveCfg = Release|Any CPU
		{C15675CF-D9D2-4592-924D-297B4E7D4E10}.Release|Any CPU.Build.0 = Release|Any CPU
	EndGlobalSection
	GlobalSection(SolutionProperties) = preSolution
		HideSolutionNode = FALSE
	EndGlobalSection
	GlobalSection(ExtensibilityGlobals) = postSolution
		SolutionGuid = {3E1E3D88-C4EA-442E-82A5-7DBC5BD99A2F}
	EndGlobalSection
EndGlobal
